
Microsoft Visual Studio Solution File, Format Version 12.00
# Visual Studio Version 17
VisualStudioVersion = 17.3.32825.248
MinimumVisualStudioVersion = 10.0.40219.1
Project("{2150E333-8FDC-42A3-9474-1A3956D46DE8}") = "src", "src", "{D53A96A2-5B38-43E0-BFD6-1B4BE1ABA629}"
EndProject
Project("{2150E333-8FDC-42A3-9474-1A3956D46DE8}") = "kodlamaIoDevs", "kodlamaIoDevs", "{7D8B0CFF-486E-4B2E-A6FB-EAC4DE527B5D}"
EndProject
Project("{9A19103F-16F7-4668-BE54-9A1E7A4F7556}") = "Application", "src\kodlamaIoDevs\Application\Application.csproj", "{26080B97-6F1E-4C56-B176-EC73A13DD1F7}"
EndProject
Project("{9A19103F-16F7-4668-BE54-9A1E7A4F7556}") = "Persistence", "src\kodlamaIoDevs\Persistence\Persistence.csproj", "{1ABAB82D-AA51-4C5C-B861-D8322ECE6230}"
EndProject
Project("{9A19103F-16F7-4668-BE54-9A1E7A4F7556}") = "Domain", "src\kodlamaIoDevs\Domain\Domain.csproj", "{49242D63-2398-414C-9071-B96EEA532970}"
EndProject
Project("{9A19103F-16F7-4668-BE54-9A1E7A4F7556}") = "Infrastructure", "src\kodlamaIoDevs\Infrastructure\Infrastructure.csproj", "{54E18893-327F-437F-B6FD-B9E91327F192}"
EndProject
Project("{9A19103F-16F7-4668-BE54-9A1E7A4F7556}") = "WebAPI", "src\kodlamaIoDevs\WebAPI\WebAPI.csproj", "{2D53992E-F6D8-4A89-8AFB-9B8D5A76B279}"
EndProject
Project("{2150E333-8FDC-42A3-9474-1A3956D46DE8}") = "corePackages", "corePackages", "{096AA1F1-5213-4D9C-8EA2-1A4184482C7B}"
EndProject
Project("{9A19103F-16F7-4668-BE54-9A1E7A4F7556}") = "Core.Application", "src\corePackages\Core.Application\Core.Application.csproj", "{FA11E3A5-1CA8-4DF2-B5AF-E37027C44570}"
EndProject
Project("{9A19103F-16F7-4668-BE54-9A1E7A4F7556}") = "Core.CrossCuttingConcerns", "src\corePackages\Core.CrossCuttingConcers\Core.CrossCuttingConcerns.csproj", "{1FBA8B92-3834-47A7-A8F9-F11600D55DBC}"
EndProject
Project("{9A19103F-16F7-4668-BE54-9A1E7A4F7556}") = "Core.ElasticSearch", "src\corePackages\Core.ElasticSearch\Core.ElasticSearch.csproj", "{5172AC4A-B63E-4F7F-A5E3-0B9A4B71459D}"
EndProject
Project("{9A19103F-16F7-4668-BE54-9A1E7A4F7556}") = "Core.Mailing", "src\corePackages\Core.Mailing\Core.Mailing.csproj", "{303326B2-F6C8-47FA-8C70-6C8BDAD5D405}"
EndProject
Project("{9A19103F-16F7-4668-BE54-9A1E7A4F7556}") = "Core.Persistence", "src\corePackages\Core.Persistence\Core.Persistence.csproj", "{825B2C65-2F2C-400C-9C99-232EE28AD70C}"
EndProject
Project("{9A19103F-16F7-4668-BE54-9A1E7A4F7556}") = "Core.Security", "src\corePackages\Core.Security\Core.Security.csproj", "{2C4940DF-923A-4273-9D9E-1DE70605A051}"
EndProject
Global
	GlobalSection(SolutionConfigurationPlatforms) = preSolution
		Debug|Any CPU = Debug|Any CPU
		Release|Any CPU = Release|Any CPU
	EndGlobalSection
	GlobalSection(ProjectConfigurationPlatforms) = postSolution
		{26080B97-6F1E-4C56-B176-EC73A13DD1F7}.Debug|Any CPU.ActiveCfg = Debug|Any CPU
		{26080B97-6F1E-4C56-B176-EC73A13DD1F7}.Debug|Any CPU.Build.0 = Debug|Any CPU
		{26080B97-6F1E-4C56-B176-EC73A13DD1F7}.Release|Any CPU.ActiveCfg = Release|Any CPU
		{26080B97-6F1E-4C56-B176-EC73A13DD1F7}.Release|Any CPU.Build.0 = Release|Any CPU
		{1ABAB82D-AA51-4C5C-B861-D8322ECE6230}.Debug|Any CPU.ActiveCfg = Debug|Any CPU
		{1ABAB82D-AA51-4C5C-B861-D8322ECE6230}.Debug|Any CPU.Build.0 = Debug|Any CPU
		{1ABAB82D-AA51-4C5C-B861-D8322ECE6230}.Release|Any CPU.ActiveCfg = Release|Any CPU
		{1ABAB82D-AA51-4C5C-B861-D8322ECE6230}.Release|Any CPU.Build.0 = Release|Any CPU
		{49242D63-2398-414C-9071-B96EEA532970}.Debug|Any CPU.ActiveCfg = Debug|Any CPU
		{49242D63-2398-414C-9071-B96EEA532970}.Debug|Any CPU.Build.0 = Debug|Any CPU
		{49242D63-2398-414C-9071-B96EEA532970}.Release|Any CPU.ActiveCfg = Release|Any CPU
		{49242D63-2398-414C-9071-B96EEA532970}.Release|Any CPU.Build.0 = Release|Any CPU
		{54E18893-327F-437F-B6FD-B9E91327F192}.Debug|Any CPU.ActiveCfg = Debug|Any CPU
		{54E18893-327F-437F-B6FD-B9E91327F192}.Debug|Any CPU.Build.0 = Debug|Any CPU
		{54E18893-327F-437F-B6FD-B9E91327F192}.Release|Any CPU.ActiveCfg = Release|Any CPU
		{54E18893-327F-437F-B6FD-B9E91327F192}.Release|Any CPU.Build.0 = Release|Any CPU
		{2D53992E-F6D8-4A89-8AFB-9B8D5A76B279}.Debug|Any CPU.ActiveCfg = Debug|Any CPU
		{2D53992E-F6D8-4A89-8AFB-9B8D5A76B279}.Debug|Any CPU.Build.0 = Debug|Any CPU
		{2D53992E-F6D8-4A89-8AFB-9B8D5A76B279}.Release|Any CPU.ActiveCfg = Release|Any CPU
		{2D53992E-F6D8-4A89-8AFB-9B8D5A76B279}.Release|Any CPU.Build.0 = Release|Any CPU
		{FA11E3A5-1CA8-4DF2-B5AF-E37027C44570}.Debug|Any CPU.ActiveCfg = Debug|Any CPU
		{FA11E3A5-1CA8-4DF2-B5AF-E37027C44570}.Debug|Any CPU.Build.0 = Debug|Any CPU
		{FA11E3A5-1CA8-4DF2-B5AF-E37027C44570}.Release|Any CPU.ActiveCfg = Release|Any CPU
		{FA11E3A5-1CA8-4DF2-B5AF-E37027C44570}.Release|Any CPU.Build.0 = Release|Any CPU
		{1FBA8B92-3834-47A7-A8F9-F11600D55DBC}.Debug|Any CPU.ActiveCfg = Debug|Any CPU
		{1FBA8B92-3834-47A7-A8F9-F11600D55DBC}.Debug|Any CPU.Build.0 = Debug|Any CPU
		{1FBA8B92-3834-47A7-A8F9-F11600D55DBC}.Release|Any CPU.ActiveCfg = Release|Any CPU
		{1FBA8B92-3834-47A7-A8F9-F11600D55DBC}.Release|Any CPU.Build.0 = Release|Any CPU
		{5172AC4A-B63E-4F7F-A5E3-0B9A4B71459D}.Debug|Any CPU.ActiveCfg = Debug|Any CPU
		{5172AC4A-B63E-4F7F-A5E3-0B9A4B71459D}.Debug|Any CPU.Build.0 = Debug|Any CPU
		{5172AC4A-B63E-4F7F-A5E3-0B9A4B71459D}.Release|Any CPU.ActiveCfg = Release|Any CPU
		{5172AC4A-B63E-4F7F-A5E3-0B9A4B71459D}.Release|Any CPU.Build.0 = Release|Any CPU
		{303326B2-F6C8-47FA-8C70-6C8BDAD5D405}.Debug|Any CPU.ActiveCfg = Debug|Any CPU
		{303326B2-F6C8-47FA-8C70-6C8BDAD5D405}.Debug|Any CPU.Build.0 = Debug|Any CPU
		{303326B2-F6C8-47FA-8C70-6C8BDAD5D405}.Release|Any CPU.ActiveCfg = Release|Any CPU
		{303326B2-F6C8-47FA-8C70-6C8BDAD5D405}.Release|Any CPU.Build.0 = Release|Any CPU
		{825B2C65-2F2C-400C-9C99-232EE28AD70C}.Debug|Any CPU.ActiveCfg = Debug|Any CPU
		{825B2C65-2F2C-400C-9C99-232EE28AD70C}.Debug|Any CPU.Build.0 = Debug|Any CPU
		{825B2C65-2F2C-400C-9C99-232EE28AD70C}.Release|Any CPU.ActiveCfg = Release|Any CPU
		{825B2C65-2F2C-400C-9C99-232EE28AD70C}.Release|Any CPU.Build.0 = Release|Any CPU
		{2C4940DF-923A-4273-9D9E-1DE70605A051}.Debug|Any CPU.ActiveCfg = Debug|Any CPU
		{2C4940DF-923A-4273-9D9E-1DE70605A051}.Debug|Any CPU.Build.0 = Debug|Any CPU
		{2C4940DF-923A-4273-9D9E-1DE70605A051}.Release|Any CPU.ActiveCfg = Release|Any CPU
		{2C4940DF-923A-4273-9D9E-1DE70605A051}.Release|Any CPU.Build.0 = Release|Any CPU
	EndGlobalSection
	GlobalSection(SolutionProperties) = preSolution
		HideSolutionNode = FALSE
	EndGlobalSection
	GlobalSection(NestedProjects) = preSolution
		{7D8B0CFF-486E-4B2E-A6FB-EAC4DE527B5D} = {D53A96A2-5B38-43E0-BFD6-1B4BE1ABA629}
		{26080B97-6F1E-4C56-B176-EC73A13DD1F7} = {7D8B0CFF-486E-4B2E-A6FB-EAC4DE527B5D}
		{1ABAB82D-AA51-4C5C-B861-D8322ECE6230} = {7D8B0CFF-486E-4B2E-A6FB-EAC4DE527B5D}
		{49242D63-2398-414C-9071-B96EEA532970} = {7D8B0CFF-486E-4B2E-A6FB-EAC4DE527B5D}
		{54E18893-327F-437F-B6FD-B9E91327F192} = {7D8B0CFF-486E-4B2E-A6FB-EAC4DE527B5D}
		{2D53992E-F6D8-4A89-8AFB-9B8D5A76B279} = {7D8B0CFF-486E-4B2E-A6FB-EAC4DE527B5D}
		{096AA1F1-5213-4D9C-8EA2-1A4184482C7B} = {D53A96A2-5B38-43E0-BFD6-1B4BE1ABA629}
		{FA11E3A5-1CA8-4DF2-B5AF-E37027C44570} = {096AA1F1-5213-4D9C-8EA2-1A4184482C7B}
		{1FBA8B92-3834-47A7-A8F9-F11600D55DBC} = {096AA1F1-5213-4D9C-8EA2-1A4184482C7B}
		{5172AC4A-B63E-4F7F-A5E3-0B9A4B71459D} = {096AA1F1-5213-4D9C-8EA2-1A4184482C7B}
		{303326B2-F6C8-47FA-8C70-6C8BDAD5D405} = {096AA1F1-5213-4D9C-8EA2-1A4184482C7B}
		{825B2C65-2F2C-400C-9C99-232EE28AD70C} = {096AA1F1-5213-4D9C-8EA2-1A4184482C7B}
		{2C4940DF-923A-4273-9D9E-1DE70605A051} = {096AA1F1-5213-4D9C-8EA2-1A4184482C7B}
	EndGlobalSection
	GlobalSection(ExtensibilityGlobals) = postSolution
		SolutionGuid = {DCE4EB06-5298-4345-9C70-B99BCC9FE04E}
	EndGlobalSection
EndGlobal
